
Microsoft Visual Studio Solution File, Format Version 12.00
# Visual Studio Version 17
VisualStudioVersion = 17.2.32516.85
MinimumVisualStudioVersion = 10.0.40219.1
Project("{FAE04EC0-301F-11D3-BF4B-00C04F79EFBC}") = "RobotWars", "RobotWars\RobotWars.csproj", "{4DAE4E61-D596-4AA4-BFBE-FC22209C3D45}"
EndProject
Project("{FAE04EC0-301F-11D3-BF4B-00C04F79EFBC}") = "RobotWars.UnitTests", "RobotWars.UnitTests\RobotWars.UnitTests.csproj", "{89961379-E5ED-49DE-B93E-448759606432}"
EndProject
Global
	GlobalSection(SolutionConfigurationPlatforms) = preSolution
		Debug|Any CPU = Debug|Any CPU
		Release|Any CPU = Release|Any CPU
	EndGlobalSection
	GlobalSection(ProjectConfigurationPlatforms) = postSolution
		{4DAE4E61-D596-4AA4-BFBE-FC22209C3D45}.Debug|Any CPU.ActiveCfg = Debug|Any CPU
		{4DAE4E61-D596-4AA4-BFBE-FC22209C3D45}.Debug|Any CPU.Build.0 = Debug|Any CPU
		{4DAE4E61-D596-4AA4-BFBE-FC22209C3D45}.Release|Any CPU.ActiveCfg = Release|Any CPU
		{4DAE4E61-D596-4AA4-BFBE-FC22209C3D45}.Release|Any CPU.Build.0 = Release|Any CPU
		{89961379-E5ED-49DE-B93E-448759606432}.Debug|Any CPU.ActiveCfg = Debug|Any CPU
		{89961379-E5ED-49DE-B93E-448759606432}.Debug|Any CPU.Build.0 = Debug|Any CPU
		{89961379-E5ED-49DE-B93E-448759606432}.Release|Any CPU.ActiveCfg = Release|Any CPU
		{89961379-E5ED-49DE-B93E-448759606432}.Release|Any CPU.Build.0 = Release|Any CPU
	EndGlobalSection
	GlobalSection(SolutionProperties) = preSolution
		HideSolutionNode = FALSE
	EndGlobalSection
	GlobalSection(ExtensibilityGlobals) = postSolution
		SolutionGuid = {3C1D4C76-CB25-4A5B-9007-5773D050FC9F}
	EndGlobalSection
EndGlobal
